{
  "originHash" : "95406832be66774020bd32c184d266b83fe49ece2de417937bd14a878ca3f8d1",
  "pins" : [
    {
      "identity" : "bemcheckbox",
      "kind" : "remoteSourceControl",
      "location" : "https://github.com/Boris-Em/BEMCheckBox",
      "state" : {
        "branch" : "master",
        "revision" : "a3292ebae9f0c2737b0c90281219dced2ce51ac8"
      }
    }
  ],
  "version" : 3
}
